SQLC_VERSION=1.31.1
SQLC_SHA256_DARWIN_AMD64=c5af76772e3785d21663a62697056b383f07629979b1bd25b93872e73dbd519b
SQLC_SHA256_DARWIN_ARM64=21602158c99eb1f2bae197a66abfb1941d1e9e50b23125bb193349c6b1acc71e
SQLC_SHA256_LINUX_AMD64=497ae4fcdfa64c5b0c311ffe4c2bd991e43991e82e5367792ed78bc2dca27354
SQLC_SHA256_LINUX_ARM64=b7cae247740d0c51a1e657479e5b2d21e6fef428f596682a01bc55bf4ab8a23d
